
Microsoft Visual Studio Solution File, Format Version 12.00
# Visual Studio 2012
Project("{FAE04EC0-301F-11D3-BF4B-00C04F79EFBC}") = "Bluebird.WkBrowser", "Bluebird.WkBrowser\Bluebird.WkBrowser.csproj", "{9193B92D-091A-4D86-95D6-C649362845E8}"
EndProject
Global
	GlobalSection(SolutionConfigurationPlatforms) = preSolution
		Debug|Any CPU = Debug|Any CPU
		Release|Any CPU = Release|Any CPU
	EndGlobalSection
	GlobalSection(ProjectConfigurationPlatforms) = postSolution
		{9193B92D-091A-4D86-95D6-C649362845E8}.Debug|Any CPU.ActiveCfg = Debug|Any CPU
		{9193B92D-091A-4D86-95D6-C649362845E8}.Debug|Any CPU.Build.0 = Debug|Any CPU
		{9193B92D-091A-4D86-95D6-C649362845E8}.Release|Any CPU.ActiveCfg = Release|Any CPU
		{9193B92D-091A-4D86-95D6-C649362845E8}.Release|Any CPU.Build.0 = Release|Any CPU
	EndGlobalSection
EndGlobal
